// !$*UTF8*$!
{
	archiveVersion = 1;
	classes = {
	};
	objectVersion = 46;
	objects = {

/* Begin PBXBuildFile section */
		8EF24DCC11DF489B980A3391 /* libPods.a in Frameworks */ = {isa = PBXBuildFile; fileRef = C5BC63DC1BDB42D5AB12BE81 /* libPods.a */; };
		AA8AC2C11B96CD1100797107 /* main.m in Sources */ = {isa = PBXBuildFile; fileRef = AA8AC2C01B96CD1100797107 /* main.m */; };
		AA8AC2C41B96CD1100797107 /* AppDelegate.m in Sources */ = {isa = PBXBuildFile; fileRef = AA8AC2C31B96CD1100797107 /* AppDelegate.m */; };
		AA8AC2C71B96CD1100797107 /* ViewController.m in Sources */ = {isa = PBXBuildFile; fileRef = AA8AC2C61B96CD1100797107 /* ViewController.m */; };
		AA8AC2CA1B96CD1100797107 /* Main.storyboard in Resources */ = {isa = PBXBuildFile; fileRef = AA8AC2C81B96CD1100797107 /* Main.storyboard */; };
		AA8AC2CC1B96CD1100797107 /* Images.xcassets in Resources */ = {isa = PBXBuildFile; fileRef = AA8AC2CB1B96CD1100797107 /* Images.xcassets */; };
		AA8AC2CF1B96CD1100797107 /* LaunchScreen.xib in Resources */ = {isa = PBXBuildFile; fileRef = AA8AC2CD1B96CD1100797107 /* LaunchScreen.xib */; };
		AA8AC2DB1B96CD1100797107 /* WeatherMapMantleTests.m in Sources */ = {isa = PBXBuildFile; fileRef = AA8AC2DA1B96CD1100797107 /* WeatherMapMantleTests.m */; };
		AA8AC2E91B96D9A800797107 /* ViewModel.m in Sources */ = {isa = PBXBuildFile; fileRef = AA8AC2E81B96D9A800797107 /* ViewModel.m */; };
		AAFAB88C1B9705AA006B1E1A /* QMapElement.m in Sources */ = {isa = PBXBuildFile; fileRef = AAFAB88B1B9705AA006B1E1A /* QMapElement.m */; };
		AAFAB8901B971370006B1E1A /* WeatherCondition.m in Sources */ = {isa = PBXBuildFile; fileRef = AAFAB88F1B971370006B1E1A /* WeatherCondition.m */; };
/* End PBXBuildFile section */

/* Begin PBXContainerItemProxy section */
		AA8AC2D51B96CD1100797107 /* PBXContainerItemProxy */ = {
			isa = PBXContainerItemProxy;
			containerPortal = AA8AC2B31B96CD1100797107 /* Project object */;
			proxyType = 1;
			remoteGlobalIDString = AA8AC2BA1B96CD1100797107;
			remoteInfo = WeatherMapMantle;
		};
/* End PBXContainerItemProxy section */

/* Begin PBXFileReference section */
		608E1B78DECB415496A156E5 /* Pods.xcconfig */ = {isa = PBXFileReference; includeInIndex = 1; lastKnownFileType = text.xcconfig; name = Pods.xcconfig; path = Pods/Pods.xcconfig; sourceTree = "<group>"; };
		AA8AC2BB1B96CD1100797107 /* WeatherMapMantle.app */ = {isa = PBXFileReference; explicitFileType = wrapper.application; includeInIndex = 0; path = WeatherMapMantle.app; sourceTree = BUILT_PRODUCTS_DIR; };
		AA8AC2BF1B96CD1100797107 /* Info.plist */ = {isa = PBXFileReference; lastKnownFileType = text.plist.xml; path = Info.plist; sourceTree = "<group>"; };
		AA8AC2C01B96CD1100797107 /* main.m */ = {isa = PBXFileReference; lastKnownFileType = sourcecode.c.objc; path = main.m; sourceTree = "<group>"; };
		AA8AC2C21B96CD1100797107 /* AppDelegate.h */ = {isa = PBXFileReference; lastKnownFileType = sourcecode.c.h; path = AppDelegate.h; sourceTree = "<group>"; };
		AA8AC2C31B96CD1100797107 /* AppDelegate.m */ = {isa = PBXFileReference; lastKnownFileType = sourcecode.c.objc; path = AppDelegate.m; sourceTree = "<group>"; };
		AA8AC2C51B96CD1100797107 /* ViewController.h */ = {isa = PBXFileReference; lastKnownFileType = sourcecode.c.h; path = ViewController.h; sourceTree = "<group>"; };
		AA8AC2C61B96CD1100797107 /* ViewController.m */ = {isa = PBXFileReference; lastKnownFileType = sourcecode.c.objc; path = ViewController.m; sourceTree = "<group>"; };
		AA8AC2C91B96CD1100797107 /* Base */ = {isa = PBXFileReference; lastKnownFileType = file.storyboard; name = Base; path = Base.lproj/Main.storyboard; sourceTree = "<group>"; };
		AA8AC2CB1B96CD1100797107 /* Images.xcassets */ = {isa = PBXFileReference; lastKnownFileType = folder.assetcatalog; path = Images.xcassets; sourceTree = "<group>"; };
		AA8AC2CE1B96CD1100797107 /* Base */ = {isa = PBXFileReference; lastKnownFileType = file.xib; name = Base; path = Base.lproj/LaunchScreen.xib; sourceTree = "<group>"; };
		AA8AC2D41B96CD1100797107 /* WeatherMapMantleTests.xctest */ = {isa = PBXFileReference; explicitFileType = wrapper.cfbundle; includeInIndex = 0; path = WeatherMapMantleTests.xctest; sourceTree = BUILT_PRODUCTS_DIR; };
		AA8AC2D91B96CD1100797107 /* Info.plist */ = {isa = PBXFileReference; lastKnownFileType = text.plist.xml; path = Info.plist; sourceTree = "<group>"; };
		AA8AC2DA1B96CD1100797107 /* WeatherMapMantleTests.m */ = {isa = PBXFileReference; lastKnownFileType = sourcecode.c.objc; path = WeatherMapMantleTests.m; sourceTree = "<group>"; };
		AA8AC2E71B96D9A800797107 /* ViewModel.h */ = {isa = PBXFileReference; fileEncoding = 4; lastKnownFileType = sourcecode.c.h; path = ViewModel.h; sourceTree = "<group>"; };
		AA8AC2E81B96D9A800797107 /* ViewModel.m */ = {isa = PBXFileReference; fileEncoding = 4; lastKnownFileType = sourcecode.c.objc; path = ViewModel.m; sourceTree = "<group>"; };
		AAFAB88A1B9705AA006B1E1A /* QMapElement.h */ = {isa = PBXFileReference; fileEncoding = 4; lastKnownFileType = sourcecode.c.h; path = QMapElement.h; sourceTree = "<group>"; };
		AAFAB88B1B9705AA006B1E1A /* QMapElement.m */ = {isa = PBXFileReference; fileEncoding = 4; lastKnownFileType = sourcecode.c.objc; path = QMapElement.m; sourceTree = "<group>"; };
		AAFAB88D1B970D13006B1E1A /* WeatherMapMantle.pch */ = {isa = PBXFileReference; fileEncoding = 4; lastKnownFileType = sourcecode.c.h; path = WeatherMapMantle.pch; sourceTree = "<group>"; };
		AAFAB88E1B971370006B1E1A /* WeatherCondition.h */ = {isa = PBXFileReference; fileEncoding = 4; lastKnownFileType = sourcecode.c.h; path = WeatherCondition.h; sourceTree = "<group>"; };
		AAFAB88F1B971370006B1E1A /* WeatherCondition.m */ = {isa = PBXFileReference; fileEncoding = 4; lastKnownFileType = sourcecode.c.objc; path = WeatherCondition.m; sourceTree = "<group>"; };
		C5BC63DC1BDB42D5AB12BE81 /* libPods.a */ = {isa = PBXFileReference; explicitFileType = archive.ar; includeInIndex = 0; path = libPods.a; sourceTree = BUILT_PRODUCTS_DIR; };
/* End PBXFileReference section */

/* Begin PBXFrameworksBuildPhase section */
		AA8AC2B81B96CD1100797107 /* Frameworks */ = {
			isa = PBXFrameworksBuildPhase;
			buildActionMask = 2147483647;
			files = (
				8EF24DCC11DF489B980A3391 /* libPods.a in Frameworks */,
			);
			runOnlyForDeploymentPostprocessing = 0;
		};
		AA8AC2D11B96CD1100797107 /* Frameworks */ = {
			isa = PBXFrameworksBuildPhase;
			buildActionMask = 2147483647;
			files = (
			);
			runOnlyForDeploymentPostprocessing = 0;
		};
/* End PBXFrameworksBuildPhase section */

/* Begin PBXGroup section */
		48CA28C522D5414E94CDB776 /* Frameworks */ = {
			isa = PBXGroup;
			children = (
				C5BC63DC1BDB42D5AB12BE81 /* libPods.a */,
			);
			name = Frameworks;
			sourceTree = "<group>";
		};
		AA8AC2B21B96CD1100797107 = {
			isa = PBXGroup;
			children = (
				AA8AC2BD1B96CD1100797107 /* WeatherMapMantle */,
				AA8AC2D71B96CD1100797107 /* WeatherMapMantleTests */,
				AA8AC2BC1B96CD1100797107 /* Products */,
				608E1B78DECB415496A156E5 /* Pods.xcconfig */,
				48CA28C522D5414E94CDB776 /* Frameworks */,
			);
			sourceTree = "<group>";
		};
		AA8AC2BC1B96CD1100797107 /* Products */ = {
			isa = PBXGroup;
			children = (
				AA8AC2BB1B96CD1100797107 /* WeatherMapMantle.app */,
				AA8AC2D41B96CD1100797107 /* WeatherMapMantleTests.xctest */,
			);
			name = Products;
			sourceTree = "<group>";
		};
		AA8AC2BD1B96CD1100797107 /* WeatherMapMantle */ = {
			isa = PBXGroup;
			children = (
				AAFAB88A1B9705AA006B1E1A /* QMapElement.h */,
				AAFAB88B1B9705AA006B1E1A /* QMapElement.m */,
				AA8AC2C21B96CD1100797107 /* AppDelegate.h */,
				AA8AC2C31B96CD1100797107 /* AppDelegate.m */,
				AA8AC2C51B96CD1100797107 /* ViewController.h */,
				AA8AC2C61B96CD1100797107 /* ViewController.m */,
				AA8AC2C81B96CD1100797107 /* Main.storyboard */,
				AA8AC2CB1B96CD1100797107 /* Images.xcassets */,
				AA8AC2CD1B96CD1100797107 /* LaunchScreen.xib */,
				AA8AC2BE1B96CD1100797107 /* Supporting Files */,
				AA8AC2E71B96D9A800797107 /* ViewModel.h */,
				AA8AC2E81B96D9A800797107 /* ViewModel.m */,
				AAFAB88E1B971370006B1E1A /* WeatherCondition.h */,
				AAFAB88F1B971370006B1E1A /* WeatherCondition.m */,
			);
			path = WeatherMapMantle;
			sourceTree = "<group>";
		};
		AA8AC2BE1B96CD1100797107 /* Supporting Files */ = {
			isa = PBXGroup;
			children = (
				AA8AC2BF1B96CD1100797107 /* Info.plist */,
				AA8AC2C01B96CD1100797107 /* main.m */,
				AAFAB88D1B970D13006B1E1A /* WeatherMapMantle.pch */,
			);
			name = "Supporting Files";
			sourceTree = "<group>";
		};
		AA8AC2D71B96CD1100797107 /* WeatherMapMantleTests */ = {
			isa = PBXGroup;
			children = (
				AA8AC2DA1B96CD1100797107 /* WeatherMapMantleTests.m */,
				AA8AC2D81B96CD1100797107 /* Supporting Files */,
			);
			path = WeatherMapMantleTests;
			sourceTree = "<group>";
		};
		AA8AC2D81B96CD1100797107 /* Supporting Files */ = {
			isa = PBXGroup;
			children = (
				AA8AC2D91B96CD1100797107 /* Info.plist */,
			);
			name = "Supporting Files";
			sourceTree = "<group>";
		};
/* End PBXGroup section */

/* Begin PBXNativeTarget section */
		AA8AC2BA1B96CD1100797107 /* WeatherMapMantle */ = {
			isa = PBXNativeTarget;
			buildConfigurationList = AA8AC2DE1B96CD1100797107 /* Build configuration list for PBXNativeTarget "WeatherMapMantle" */;
			buildPhases = (
				D514CB7CDCA8410FB32A2F90 /* Check Pods Manifest.lock */,
				AA8AC2B71B96CD1100797107 /* Sources */,
				AA8AC2B81B96CD1100797107 /* Frameworks */,
				AA8AC2B91B96CD1100797107 /* Resources */,
				4853066E14D540D3A1D547D0 /* Copy Pods Resources */,
			);
			buildRules = (
			);
			dependencies = (
			);
			name = WeatherMapMantle;
			productName = WeatherMapMantle;
			productReference = AA8AC2BB1B96CD1100797107 /* WeatherMapMantle.app */;
			productType = "com.apple.product-type.application";
		};
		AA8AC2D31B96CD1100797107 /* WeatherMapMantleTests */ = {
			isa = PBXNativeTarget;
			buildConfigurationList = AA8AC2E11B96CD1100797107 /* Build configuration list for PBXNativeTarget "WeatherMapMantleTests" */;
			buildPhases = (
				AA8AC2D01B96CD1100797107 /* Sources */,
				AA8AC2D11B96CD1100797107 /* Frameworks */,
				AA8AC2D21B96CD1100797107 /* Resources */,
			);
			buildRules = (
			);
			dependencies = (
				AA8AC2D61B96CD1100797107 /* PBXTargetDependency */,
			);
			name = WeatherMapMantleTests;
			productName = WeatherMapMantleTests;
			productReference = AA8AC2D41B96CD1100797107 /* WeatherMapMantleTests.xctest */;
			productType = "com.apple.product-type.bundle.unit-test";
		};
/* End PBXNativeTarget section */

/* Begin PBXProject section */
		AA8AC2B31B96CD1100797107 /* Project object */ = {
			isa = PBXProject;
			attributes = {
				LastUpgradeCheck = 0640;
				ORGANIZATIONNAME = sujian;
				TargetAttributes = {
					AA8AC2BA1B96CD1100797107 = {
						CreatedOnToolsVersion = 6.4;
						DevelopmentTeam = ZHDZB47VKB;
					};
					AA8AC2D31B96CD1100797107 = {
						CreatedOnToolsVersion = 6.4;
						TestTargetID = AA8AC2BA1B96CD1100797107;
					};
				};
			};
			buildConfigurationList = AA8AC2B61B96CD1100797107 /* Build configuration list for PBXProject "WeatherMapMantle" */;
			compatibilityVersion = "Xcode 3.2";
			developmentRegion = English;
			hasScannedForEncodings = 0;
			knownRegions = (
				en,
				Base,
			);
			mainGroup = AA8AC2B21B96CD1100797107;
			productRefGroup = AA8AC2BC1B96CD1100797107 /* Products */;
			projectDirPath = "";
			projectRoot = "";
			targets = (
				AA8AC2BA1B96CD1100797107 /* WeatherMapMantle */,
				AA8AC2D31B96CD1100797107 /* WeatherMapMantleTests */,
			);
		};
/* End PBXProject section */

/* Begin PBXResourcesBuildPhase section */
		AA8AC2B91B96CD1100797107 /* Resources */ = {
			isa = PBXResourcesBuildPhase;
			buildActionMask = 2147483647;
			files = (
				AA8AC2CA1B96CD1100797107 /* Main.storyboard in Resources */,
				AA8AC2CF1B96CD1100797107 /* LaunchScreen.xib in Resources */,
				AA8AC2CC1B96CD1100797107 /* Images.xcassets in Resources */,
			);
			runOnlyForDeploymentPostprocessing = 0;
		};
		AA8AC2D21B96CD1100797107 /* Resources */ = {
			isa = PBXResourcesBuildPhase;
			buildActionMask = 2147483647;
			files = (
			);
			runOnlyForDeploymentPostprocessing = 0;
		};
/* End PBXResourcesBuildPhase section */

/* Begin PBXShellScriptBuildPhase section */
		4853066E14D540D3A1D547D0 /* Copy Pods Resources */ = {
			isa = PBXShellScriptBuildPhase;
			buildActionMask = 2147483647;
			files = (
			);
			inputPaths = (
			);
			name = "Copy Pods Resources";
			outputPaths = (
			);
			runOnlyForDeploymentPostprocessing = 0;
			shellPath = /bin/sh;
			shellScript = "\"${SRCROOT}/Pods/Pods-resources.sh\"\n";
			showEnvVarsInLog = 0;
		};
		D514CB7CDCA8410FB32A2F90 /* Check Pods Manifest.lock */ = {
			isa = PBXShellScriptBuildPhase;
			buildActionMask = 2147483647;
			files = (
			);
			inputPaths = (
			);
			name = "Check Pods Manifest.lock";
			outputPaths = (
			);
			runOnlyForDeploymentPostprocessing = 0;
			shellPath = /bin/sh;
			shellScript = "diff \"${PODS_ROOT}/../Podfile.lock\" \"${PODS_ROOT}/Manifest.lock\" > /dev/null\nif [[ $? != 0 ]] ; then\n    cat << EOM\nerror: The sandbox is not in sync with the Podfile.lock. Run 'pod install' or update your CocoaPods installation.\nEOM\n    exit 1\nfi\n";
			showEnvVarsInLog = 0;
		};
/* End PBXShellScriptBuildPhase section */

/* Begin PBXSourcesBuildPhase section */
		AA8AC2B71B96CD1100797107 /* Sources */ = {
			isa = PBXSourcesBuildPhase;
			buildActionMask = 2147483647;
			files = (
				AA8AC2C71B96CD1100797107 /* ViewController.m in Sources */,
				AA8AC2E91B96D9A800797107 /* ViewModel.m in Sources */,
				AAFAB88C1B9705AA006B1E1A /* QMapElement.m in Sources */,
				AAFAB8901B971370006B1E1A /* WeatherCondition.m in Sources */,
				AA8AC2C41B96CD1100797107 /* AppDelegate.m in Sources */,
				AA8AC2C11B96CD1100797107 /* main.m in Sources */,
			);
			runOnlyForDeploymentPostprocessing = 0;
		};
		AA8AC2D01B96CD1100797107 /* Sources */ = {
			isa = PBXSourcesBuildPhase;
			buildActionMask = 2147483647;
			files = (
				AA8AC2DB1B96CD1100797107 /* WeatherMapMantleTests.m in Sources */,
			);
			runOnlyForDeploymentPostprocessing = 0;
		};
/* End PBXSourcesBuildPhase section */

/* Begin PBXTargetDependency section */
		AA8AC2D61B96CD1100797107 /* PBXTargetDependency */ = {
			isa = PBXTargetDependency;
			target = AA8AC2BA1B96CD1100797107 /* WeatherMapMantle */;
			targetProxy = AA8AC2D51B96CD1100797107 /* PBXContainerItemProxy */;
		};
/* End PBXTargetDependency section */

/* Begin PBXVariantGroup section */
		AA8AC2C81B96CD1100797107 /* Main.storyboard */ = {
			isa = PBXVariantGroup;
			children = (
				AA8AC2C91B96CD1100797107 /* Base */,
			);
			name = Main.storyboard;
			sourceTree = "<group>";
		};
		AA8AC2CD1B96CD1100797107 /* LaunchScreen.xib */ = {
			isa = PBXVariantGroup;
			children = (
				AA8AC2CE1B96CD1100797107 /* Base */,
			);
			name = LaunchScreen.xib;
			sourceTree = "<group>";
		};
/* End PBXVariantGroup section */

/* Begin XCBuildConfiguration section */
		AA8AC2DC1B96CD1100797107 /* Debug */ = {
			isa = XCBuildConfiguration;
			buildSettings = {
				ALWAYS_SEARCH_USER_PATHS = NO;
				CLANG_CXX_LANGUAGE_STANDARD = "gnu++0x";
				CLANG_CXX_LIBRARY = "libc++";
				CLANG_ENABLE_MODULES = YES;
				CLANG_ENABLE_OBJC_ARC = YES;
				CLANG_WARN_BOOL_CONVERSION = YES;
				CLANG_WARN_CONSTANT_CONVERSION = YES;
				CLANG_WARN_DIRECT_OBJC_ISA_USAGE = YES_ERROR;
				CLANG_WARN_EMPTY_BODY = YES;
				CLANG_WARN_ENUM_CONVERSION = YES;
				CLANG_WARN_INT_CONVERSION = YES;
				CLANG_WARN_OBJC_ROOT_CLASS = YES_ERROR;
				CLANG_WARN_UNREACHABLE_CODE = YES;
				CLANG_WARN__DUPLICATE_METHOD_MATCH = YES;
				"CODE_SIGN_IDENTITY[sdk=iphoneos*]" = "iPhone Developer";
				COPY_PHASE_STRIP = NO;
				DEBUG_INFORMATION_FORMAT = "dwarf-with-dsym";
				ENABLE_STRICT_OBJC_MSGSEND = YES;
				GCC_C_LANGUAGE_STANDARD = gnu99;
				GCC_DYNAMIC_NO_PIC = NO;
				GCC_NO_COMMON_BLOCKS = YES;
				GCC_OPTIMIZATION_LEVEL = 0;
				GCC_PREPROCESSOR_DEFINITIONS = (
					"DEBUG=1",
					"$(inherited)",
				);
				GCC_SYMBOLS_PRIVATE_EXTERN = NO;
				GCC_WARN_64_TO_32_BIT_CONVERSION = YES;
				GCC_WARN_ABOUT_RETURN_TYPE = YES_ERROR;
				GCC_WARN_UNDECLARED_SELECTOR = YES;
				GCC_WARN_UNINITIALIZED_AUTOS = YES_AGGRESSIVE;
				GCC_WARN_UNUSED_FUNCTION = YES;
				GCC_WARN_UNUSED_VARIABLE = YES;
				IPHONEOS_DEPLOYMENT_TARGET = 8.4;
				MTL_ENABLE_DEBUG_INFO = YES;
				ONLY_ACTIVE_ARCH = YES;
				SDKROOT = iphoneos;
			};
			name = Debug;
		};
		AA8AC2DD1B96CD1100797107 /* Release */ = {
			isa = XCBuildConfiguration;
			buildSettings = {
				ALWAYS_SEARCH_USER_PATHS = NO;
				CLANG_CXX_LANGUAGE_STANDARD = "gnu++0x";
				CLANG_CXX_LIBRARY = "libc++";
				CLANG_ENABLE_MODULES = YES;
				CLANG_ENABLE_OBJC_ARC = YES;
				CLANG_WARN_BOOL_CONVERSION = YES;
				CLANG_WARN_CONSTANT_CONVERSION = YES;
				CLANG_WARN_DIRECT_OBJC_ISA_USAGE = YES_ERROR;
				CLANG_WARN_EMPTY_BODY = YES;
				CLANG_WARN_ENUM_CONVERSION = YES;
				CLANG_WARN_INT_CONVERSION = YES;
				CLANG_WARN_OBJC_ROOT_CLASS = YES_ERROR;
				CLANG_WARN_UNREACHABLE_CODE = YES;
				CLANG_WARN__DUPLICATE_METHOD_MATCH = YES;
				"CODE_SIGN_IDENTITY[sdk=iphoneos*]" = "iPhone Developer";
				COPY_PHASE_STRIP = NO;
				DEBUG_INFORMATION_FORMAT = "dwarf-with-dsym";
				ENABLE_NS_ASSERTIONS = NO;
				ENABLE_STRICT_OBJC_MSGSEND = YES;
				GCC_C_LANGUAGE_STANDARD = gnu99;
				GCC_NO_COMMON_BLOCKS = YES;
				GCC_WARN_64_TO_32_BIT_CONVERSION = YES;
				GCC_WARN_ABOUT_RETURN_TYPE = YES_ERROR;
				GCC_WARN_UNDECLARED_SELECTOR = YES;
				GCC_WARN_UNINITIALIZED_AUTOS = YES_AGGRESSIVE;
				GCC_WARN_UNUSED_FUNCTION = YES;
				GCC_WARN_UNUSED_VARIABLE = YES;
				IPHONEOS_DEPLOYMENT_TARGET = 8.4;
				MTL_ENABLE_DEBUG_INFO = NO;
				SDKROOT = iphoneos;
				VALIDATE_PRODUCT = YES;
			};
			name = Release;
		};
		AA8AC2DF1B96CD1100797107 /* Debug */ = {
			isa = XCBuildConfiguration;
			baseConfigurationReference = 608E1B78DECB415496A156E5 /* Pods.xcconfig */;
			buildSettings = {
				ASSETCATALOG_COMPILER_APPICON_NAME = AppIcon;
				CODE_SIGN_IDENTITY = "iPhone Developer: su jian (3Y6QN55DW4)";
				GCC_PRECOMPILE_PREFIX_HEADER = YES;
				GCC_PREFIX_HEADER = WeatherMapMantle/WeatherMapMantle.pch;
				INFOPLIST_FILE = WeatherMapMantle/Info.plist;
				LD_RUNPATH_SEARCH_PATHS = "$(inherited) @executable_path/Frameworks";
				PRODUCT_NAME = "$(TARGET_NAME)";
			};
			name = Debug;
		};
		AA8AC2E01B96CD1100797107 /* Release */ = {
			isa = XCBuildConfiguration;
			baseConfigurationReference = 608E1B78DECB415496A156E5 /* Pods.xcconfig */;
			buildSettings = {
				ASSETCATALOG_COMPILER_APPICON_NAME = AppIcon;
				CODE_SIGN_IDENTITY = "iPhone Developer: su jian (3Y6QN55DW4)";
				GCC_PRECOMPILE_PREFIX_HEADER = YES;
				GCC_PREFIX_HEADER = WeatherMapMantle/WeatherMapMantle.pch;
				INFOPLIST_FILE = WeatherMapMantle/Info.plist;
				LD_RUNPATH_SEARCH_PATHS = "$(inherited) @executable_path/Frameworks";
				PRODUCT_NAME = "$(TARGET_NAME)";
			};
			name = Release;
		};
		AA8AC2E21B96CD1100797107 /* Debug */ = {
			isa = XCBuildConfiguration;
			buildSettings = {
				BUNDLE_LOADER = "$(TEST_HOST)";
				FRAMEWORK_SEARCH_PATHS = (
					"$(SDKROOT)/Developer/Library/Frameworks",
					"$(inherited)",
				);
				GCC_PREPROCESSOR_DEFINITIONS = (
					"DEBUG=1",
					"$(inherited)",
				);
				INFOPLIST_FILE = WeatherMapMantleTests/Info.plist;
				LD_RUNPATH_SEARCH_PATHS = "$(inherited) @executable_path/Frameworks @loader_path/Frameworks";
				PRODUCT_NAME = "$(TARGET_NAME)";
				TEST_HOST = "$(BUILT_PRODUCTS_DIR)/WeatherMapMantle.app/WeatherMapMantle";
			};
			name = Debug;
		};
		AA8AC2E31B96CD1100797107 /* Release */ = {
			isa = XCBuildConfiguration;
			buildSettings = {
				BUNDLE_LOADER = "$(TEST_HOST)";
				FRAMEWORK_SEARCH_PATHS = (
					"$(SDKROOT)/Developer/Library/Frameworks",
					"$(inherited)",
				);
				INFOPLIST_FILE = WeatherMapMantleTests/Info.plist;
				LD_RUNPATH_SEARCH_PATHS = "$(inherited) @executable_path/Frameworks @loader_path/Frameworks";
				PRODUCT_NAME = "$(TARGET_NAME)";
				TEST_HOST = "$(BUILT_PRODUCTS_DIR)/WeatherMapMantle.app/WeatherMapMantle";
			};
			name = Release;
		};
/* End XCBuildConfiguration section */

/* Begin XCConfigurationList section */
		AA8AC2B61B96CD1100797107 /* Build configuration list for PBXProject "WeatherMapMantle" */ = {
			isa = XCConfigurationList;
			buildConfigurations = (
				AA8AC2DC1B96CD1100797107 /* Debug */,
				AA8AC2DD1B96CD1100797107 /* Release */,
			);
			defaultConfigurationIsVisible = 0;
			defaultConfigurationName = Release;
		};
		AA8AC2DE1B96CD1100797107 /* Build configuration list for PBXNativeTarget "WeatherMapMantle" */ = {
			isa = XCConfigurationList;
			buildConfigurations = (
				AA8AC2DF1B96CD1100797107 /* Debug */,
				AA8AC2E01B96CD1100797107 /* Release */,
			);
			defaultConfigurationIsVisible = 0;
			defaultConfigurationName = Release;
		};
		AA8AC2E11B96CD1100797107 /* Build configuration list for PBXNativeTarget "WeatherMapMantleTests" */ = {
			isa = XCConfigurationList;
			buildConfigurations = (
				AA8AC2E21B96CD1100797107 /* Debug */,
				AA8AC2E31B96CD1100797107 /* Release */,
			);
			defaultConfigurationIsVisible = 0;
			defaultConfigurationName = Release;
		};
/* End XCConfigurationList section */
	};
	rootObject = AA8AC2B31B96CD1100797107 /* Project object */;
}
